
Microsoft Visual Studio Solution File, Format Version 12.00
# Visual Studio Version 16
VisualStudioVersion = 16.0.30503.244
MinimumVisualStudioVersion = 10.0.40219.1
Project("{FAE04EC0-301F-11D3-BF4B-00C04F79EFBC}") = "SecretSanta", "SecretSanta.csproj", "{4D1EBC3A-526F-425F-BD7D-5A083FCA310E}"
EndProject
Global
	GlobalSection(SolutionConfigurationPlatforms) = preSolution
		Debug|Any CPU = Debug|Any CPU
		Release|Any CPU = Release|Any CPU
	EndGlobalSection
	GlobalSection(ProjectConfigurationPlatforms) = postSolution
		{4D1EBC3A-526F-425F-BD7D-5A083FCA310E}.Debug|Any CPU.ActiveCfg = Debug|Any CPU
		{4D1EBC3A-526F-425F-BD7D-5A083FCA310E}.Debug|Any CPU.Build.0 = Debug|Any CPU
		{4D1EBC3A-526F-425F-BD7D-5A083FCA310E}.Release|Any CPU.ActiveCfg = Release|Any CPU
		{4D1EBC3A-526F-425F-BD7D-5A083FCA310E}.Release|Any CPU.Build.0 = Release|Any CPU
	EndGlobalSection
	GlobalSection(SolutionProperties) = preSolution
		HideSolutionNode = FALSE
	EndGlobalSection
	GlobalSection(ExtensibilityGlobals) = postSolution
		SolutionGuid = {BC2C8595-D93E-4E47-B341-DC00DE96C425}
	EndGlobalSection
EndGlobal
